// !$*UTF8*$!
{
	archiveVersion = 1;
	classes = {
	};
	objectVersion = 50;
	objects = {

/* Begin PBXBuildFile section */
		D7CF066F99186C602A736CD4 /* libPods-XYHoomXB.a in Frameworks */ = {isa = PBXBuildFile; fileRef = B7562DAB730AB632E291467E /* libPods-XYHoomXB.a */; };
		E12DD21420C90B4B00EDE22F /* XYHomeHeaderView.swift in Sources */ = {isa = PBXBuildFile; fileRef = E12DD21320C90B4B00EDE22F /* XYHomeHeaderView.swift */; };
		E12DD21620C90B5D00EDE22F /* XYHomeFooterView.swift in Sources */ = {isa = PBXBuildFile; fileRef = E12DD21520C90B5D00EDE22F /* XYHomeFooterView.swift */; };
		E12DD21820C9158200EDE22F /* XYHomeTableViewCell.swift in Sources */ = {isa = PBXBuildFile; fileRef = E12DD21720C9158200EDE22F /* XYHomeTableViewCell.swift */; };
		E12DD21A20C9179F00EDE22F /* XYHomeMoodel.swift in Sources */ = {isa = PBXBuildFile; fileRef = E12DD21920C9179F00EDE22F /* XYHomeMoodel.swift */; };
		E12DD21C20C918C700EDE22F /* HomeProductModel.swift in Sources */ = {isa = PBXBuildFile; fileRef = E12DD21B20C918C700EDE22F /* HomeProductModel.swift */; };
		E14D239D20C8DC8A00F4DEC7 /* XYTableView.swift in Sources */ = {isa = PBXBuildFile; fileRef = E14D239C20C8DC8A00F4DEC7 /* XYTableView.swift */; };
		E14D23A020C8DE8E00F4DEC7 /* ColorRegular.swift in Sources */ = {isa = PBXBuildFile; fileRef = E14D239F20C8DE8E00F4DEC7 /* ColorRegular.swift */; };
		E14D23A220C8DF2900F4DEC7 /* UIColor+Extension.swift in Sources */ = {isa = PBXBuildFile; fileRef = E14D23A120C8DF2900F4DEC7 /* UIColor+Extension.swift */; };
		E14D23A420C8F76700F4DEC7 /* FontRegular.swift in Sources */ = {isa = PBXBuildFile; fileRef = E14D23A320C8F76700F4DEC7 /* FontRegular.swift */; };
		E14EBC1D20CA553700825506 /* HXBAccountInfoModel.swift in Sources */ = {isa = PBXBuildFile; fileRef = E14EBC1C20CA553700825506 /* HXBAccountInfoModel.swift */; };
		E1AE9C8120CA7BA200811ED0 /* XYBannerView.swift in Sources */ = {isa = PBXBuildFile; fileRef = E1AE9C8020CA7BA200811ED0 /* XYBannerView.swift */; };
		E1AE9C8420CA7E4B00811ED0 /* XYCycleView.swift in Sources */ = {isa = PBXBuildFile; fileRef = E1AE9C8320CA7E4B00811ED0 /* XYCycleView.swift */; };
		E1AE9C8620CA7E7000811ED0 /* XYCycleCollectionViewCell.swift in Sources */ = {isa = PBXBuildFile; fileRef = E1AE9C8520CA7E7000811ED0 /* XYCycleCollectionViewCell.swift */; };
		E1AE9C8820CA7EC500811ED0 /* XYCyclePagerViewLayout.swift in Sources */ = {isa = PBXBuildFile; fileRef = E1AE9C8720CA7EC500811ED0 /* XYCyclePagerViewLayout.swift */; };
		E1AE9C8A20CA7F3300811ED0 /* XYPageControl.swift in Sources */ = {isa = PBXBuildFile; fileRef = E1AE9C8920CA7F3300811ED0 /* XYPageControl.swift */; };
		E1AE9C8C20CA82C100811ED0 /* XYHomeBannerModel.swift in Sources */ = {isa = PBXBuildFile; fileRef = E1AE9C8B20CA82C100811ED0 /* XYHomeBannerModel.swift */; };
		E1AE9C8E20CA8B3600811ED0 /* XYCyclePagerTransformLayout.swift in Sources */ = {isa = PBXBuildFile; fileRef = E1AE9C8D20CA8B3600811ED0 /* XYCyclePagerTransformLayout.swift */; };
		E1C12CD220C7CFB0004DBD20 /* UIImageView+Extension.swift in Sources */ = {isa = PBXBuildFile; fileRef = E1C12CD120C7CFB0004DBD20 /* UIImageView+Extension.swift */; };
		E1C12CD420C7CFD5004DBD20 /* UIButton+Extension.swift in Sources */ = {isa = PBXBuildFile; fileRef = E1C12CD320C7CFD5004DBD20 /* UIButton+Extension.swift */; };
		E1C12CD620C7CFE8004DBD20 /* UITextField+Extension.swift in Sources */ = {isa = PBXBuildFile; fileRef = E1C12CD520C7CFE8004DBD20 /* UITextField+Extension.swift */; };
		E1C12CD820C7D012004DBD20 /* NSString+Extension.swift in Sources */ = {isa = PBXBuildFile; fileRef = E1C12CD720C7D012004DBD20 /* NSString+Extension.swift */; };
		E1C12CDA20C7D02D004DBD20 /* NSArray+Extension.swift in Sources */ = {isa = PBXBuildFile; fileRef = E1C12CD920C7D02D004DBD20 /* NSArray+Extension.swift */; };
		E1C12CDC20C7D060004DBD20 /* UILabel+Extension.swift in Sources */ = {isa = PBXBuildFile; fileRef = E1C12CDB20C7D060004DBD20 /* UILabel+Extension.swift */; };
		E1C12CE220C7D149004DBD20 /* HomeViewController.swift in Sources */ = {isa = PBXBuildFile; fileRef = E1C12CE020C7D149004DBD20 /* HomeViewController.swift */; };
		E1C12CE820C7D152004DBD20 /* FinancingViewController.swift in Sources */ = {isa = PBXBuildFile; fileRef = E1C12CE720C7D152004DBD20 /* FinancingViewController.swift */; };
		E1C12CEE20C7D15A004DBD20 /* MyViewController.swift in Sources */ = {isa = PBXBuildFile; fileRef = E1C12CEB20C7D15A004DBD20 /* MyViewController.swift */; };
		E1C12CF020C7E127004DBD20 /* XYSpacingMacro.swift in Sources */ = {isa = PBXBuildFile; fileRef = E1C12CEF20C7E127004DBD20 /* XYSpacingMacro.swift */; };
		E1DCF8AB20C668BC00B9F6AB /* AppDelegate.swift in Sources */ = {isa = PBXBuildFile; fileRef = E1DCF8AA20C668BC00B9F6AB /* AppDelegate.swift */; };
		E1DCF8B020C668BC00B9F6AB /* Main.storyboard in Resources */ = {isa = PBXBuildFile; fileRef = E1DCF8AE20C668BC00B9F6AB /* Main.storyboard */; };
		E1DCF8B220C668BE00B9F6AB /* Assets.xcassets in Resources */ = {isa = PBXBuildFile; fileRef = E1DCF8B120C668BE00B9F6AB /* Assets.xcassets */; };
		E1DCF8B520C668BE00B9F6AB /* LaunchScreen.storyboard in Resources */ = {isa = PBXBuildFile; fileRef = E1DCF8B320C668BE00B9F6AB /* LaunchScreen.storyboard */; };
		E1DCF8C020C668BE00B9F6AB /* XYHoomXBTests.swift in Sources */ = {isa = PBXBuildFile; fileRef = E1DCF8BF20C668BE00B9F6AB /* XYHoomXBTests.swift */; };
		E1DCF8CB20C668BE00B9F6AB /* XYHoomXBUITests.swift in Sources */ = {isa = PBXBuildFile; fileRef = E1DCF8CA20C668BE00B9F6AB /* XYHoomXBUITests.swift */; };
		E1DCF8E520C66DEF00B9F6AB /* XYTabBarController.swift in Sources */ = {isa = PBXBuildFile; fileRef = E1DCF8E420C66DEF00B9F6AB /* XYTabBarController.swift */; };
		E1DCF8E720C66E3200B9F6AB /* XYNavigationController.swift in Sources */ = {isa = PBXBuildFile; fileRef = E1DCF8E620C66E3200B9F6AB /* XYNavigationController.swift */; };
		E1DCF8E920C66FA200B9F6AB /* XYViewController.swift in Sources */ = {isa = PBXBuildFile; fileRef = E1DCF8E820C66FA200B9F6AB /* XYViewController.swift */; };
		E1DCF8EE20C67F1000B9F6AB /* UIView+Extension.swift in Sources */ = {isa = PBXBuildFile; fileRef = E1DCF8ED20C67F1000B9F6AB /* UIView+Extension.swift */; };
/* End PBXBuildFile section */

/* Begin PBXContainerItemProxy section */
		E1DCF8BC20C668BE00B9F6AB /* PBXContainerItemProxy */ = {
			isa = PBXContainerItemProxy;
			containerPortal = E1DCF89F20C668BC00B9F6AB /* Project object */;
			proxyType = 1;
			remoteGlobalIDString = E1DCF8A620C668BC00B9F6AB;
			remoteInfo = XYHoomXB;
		};
		E1DCF8C720C668BE00B9F6AB /* PBXContainerItemProxy */ = {
			isa = PBXContainerItemProxy;
			containerPortal = E1DCF89F20C668BC00B9F6AB /* Project object */;
			proxyType = 1;
			remoteGlobalIDString = E1DCF8A620C668BC00B9F6AB;
			remoteInfo = XYHoomXB;
		};
/* End PBXContainerItemProxy section */

/* Begin PBXFileReference section */
		37323257006C1CDD3A6C8460 /* Pods-XYHoomXB.debug.xcconfig */ = {isa = PBXFileReference; includeInIndex = 1; lastKnownFileType = text.xcconfig; name = "Pods-XYHoomXB.debug.xcconfig"; path = "Pods/Target Support Files/Pods-XYHoomXB/Pods-XYHoomXB.debug.xcconfig"; sourceTree = "<group>"; };
		891923511D5F96C251648F0D /* Pods-XYHoomXB.release.xcconfig */ = {isa = PBXFileReference; includeInIndex = 1; lastKnownFileType = text.xcconfig; name = "Pods-XYHoomXB.release.xcconfig"; path = "Pods/Target Support Files/Pods-XYHoomXB/Pods-XYHoomXB.release.xcconfig"; sourceTree = "<group>"; };
		B7562DAB730AB632E291467E /* libPods-XYHoomXB.a */ = {isa = PBXFileReference; explicitFileType = archive.ar; includeInIndex = 0; path = "libPods-XYHoomXB.a"; sourceTree = BUILT_PRODUCTS_DIR; };
		E12DD21320C90B4B00EDE22F /* XYHomeHeaderView.swift */ = {isa = PBXFileReference; lastKnownFileType = sourcecode.swift; path = XYHomeHeaderView.swift; sourceTree = "<group>"; };
		E12DD21520C90B5D00EDE22F /* XYHomeFooterView.swift */ = {isa = PBXFileReference; lastKnownFileType = sourcecode.swift; path = XYHomeFooterView.swift; sourceTree = "<group>"; };
		E12DD21720C9158200EDE22F /* XYHomeTableViewCell.swift */ = {isa = PBXFileReference; lastKnownFileType = sourcecode.swift; path = XYHomeTableViewCell.swift; sourceTree = "<group>"; };
		E12DD21920C9179F00EDE22F /* XYHomeMoodel.swift */ = {isa = PBXFileReference; lastKnownFileType = sourcecode.swift; path = XYHomeMoodel.swift; sourceTree = "<group>"; };
		E12DD21B20C918C700EDE22F /* HomeProductModel.swift */ = {isa = PBXFileReference; lastKnownFileType = sourcecode.swift; path = HomeProductModel.swift; sourceTree = "<group>"; };
		E14D239C20C8DC8A00F4DEC7 /* XYTableView.swift */ = {isa = PBXFileReference; lastKnownFileType = sourcecode.swift; path = XYTableView.swift; sourceTree = "<group>"; };
		E14D239F20C8DE8E00F4DEC7 /* ColorRegular.swift */ = {isa = PBXFileReference; lastKnownFileType = sourcecode.swift; path = ColorRegular.swift; sourceTree = "<group>"; };
		E14D23A120C8DF2900F4DEC7 /* UIColor+Extension.swift */ = {isa = PBXFileReference; lastKnownFileType = sourcecode.swift; path = "UIColor+Extension.swift"; sourceTree = "<group>"; };
		E14D23A320C8F76700F4DEC7 /* FontRegular.swift */ = {isa = PBXFileReference; lastKnownFileType = sourcecode.swift; path = FontRegular.swift; sourceTree = "<group>"; };
		E14EBC1C20CA553700825506 /* HXBAccountInfoModel.swift */ = {isa = PBXFileReference; lastKnownFileType = sourcecode.swift; path = HXBAccountInfoModel.swift; sourceTree = "<group>"; };
		E1AE9C8020CA7BA200811ED0 /* XYBannerView.swift */ = {isa = PBXFileReference; lastKnownFileType = sourcecode.swift; path = XYBannerView.swift; sourceTree = "<group>"; };
		E1AE9C8320CA7E4B00811ED0 /* XYCycleView.swift */ = {isa = PBXFileReference; lastKnownFileType = sourcecode.swift; path = XYCycleView.swift; sourceTree = "<group>"; };
		E1AE9C8520CA7E7000811ED0 /* XYCycleCollectionViewCell.swift */ = {isa = PBXFileReference; lastKnownFileType = sourcecode.swift; path = XYCycleCollectionViewCell.swift; sourceTree = "<group>"; };
		E1AE9C8720CA7EC500811ED0 /* XYCyclePagerViewLayout.swift */ = {isa = PBXFileReference; lastKnownFileType = sourcecode.swift; path = XYCyclePagerViewLayout.swift; sourceTree = "<group>"; };
		E1AE9C8920CA7F3300811ED0 /* XYPageControl.swift */ = {isa = PBXFileReference; lastKnownFileType = sourcecode.swift; path = XYPageControl.swift; sourceTree = "<group>"; };
		E1AE9C8B20CA82C100811ED0 /* XYHomeBannerModel.swift */ = {isa = PBXFileReference; lastKnownFileType = sourcecode.swift; path = XYHomeBannerModel.swift; sourceTree = "<group>"; };
		E1AE9C8D20CA8B3600811ED0 /* XYCyclePagerTransformLayout.swift */ = {isa = PBXFileReference; lastKnownFileType = sourcecode.swift; path = XYCyclePagerTransformLayout.swift; sourceTree = "<group>"; };
		E1C12CD120C7CFB0004DBD20 /* UIImageView+Extension.swift */ = {isa = PBXFileReference; lastKnownFileType = sourcecode.swift; path = "UIImageView+Extension.swift"; sourceTree = "<group>"; };
		E1C12CD320C7CFD5004DBD20 /* UIButton+Extension.swift */ = {isa = PBXFileReference; lastKnownFileType = sourcecode.swift; path = "UIButton+Extension.swift"; sourceTree = "<group>"; };
		E1C12CD520C7CFE8004DBD20 /* UITextField+Extension.swift */ = {isa = PBXFileReference; lastKnownFileType = sourcecode.swift; path = "UITextField+Extension.swift"; sourceTree = "<group>"; };
		E1C12CD720C7D012004DBD20 /* NSString+Extension.swift */ = {isa = PBXFileReference; lastKnownFileType = sourcecode.swift; path = "NSString+Extension.swift"; sourceTree = "<group>"; };
		E1C12CD920C7D02D004DBD20 /* NSArray+Extension.swift */ = {isa = PBXFileReference; lastKnownFileType = sourcecode.swift; path = "NSArray+Extension.swift"; sourceTree = "<group>"; };
		E1C12CDB20C7D060004DBD20 /* UILabel+Extension.swift */ = {isa = PBXFileReference; lastKnownFileType = sourcecode.swift; path = "UILabel+Extension.swift"; sourceTree = "<group>"; };
		E1C12CE020C7D149004DBD20 /* HomeViewController.swift */ = {isa = PBXFileReference; fileEncoding = 4; lastKnownFileType = sourcecode.swift; path = HomeViewController.swift; sourceTree = "<group>"; };
		E1C12CE720C7D152004DBD20 /* FinancingViewController.swift */ = {isa = PBXFileReference; fileEncoding = 4; lastKnownFileType = sourcecode.swift; path = FinancingViewController.swift; sourceTree = "<group>"; };
		E1C12CEB20C7D15A004DBD20 /* MyViewController.swift */ = {isa = PBXFileReference; fileEncoding = 4; lastKnownFileType = sourcecode.swift; path = MyViewController.swift; sourceTree = "<group>"; };
		E1C12CEF20C7E127004DBD20 /* XYSpacingMacro.swift */ = {isa = PBXFileReference; lastKnownFileType = sourcecode.swift; path = XYSpacingMacro.swift; sourceTree = "<group>"; };
		E1DCF8A720C668BC00B9F6AB /* XYHoomXB.app */ = {isa = PBXFileReference; explicitFileType = wrapper.application; includeInIndex = 0; path = XYHoomXB.app; sourceTree = BUILT_PRODUCTS_DIR; };
		E1DCF8AA20C668BC00B9F6AB /* AppDelegate.swift */ = {isa = PBXFileReference; lastKnownFileType = sourcecode.swift; path = AppDelegate.swift; sourceTree = "<group>"; };
		E1DCF8AF20C668BC00B9F6AB /* Base */ = {isa = PBXFileReference; lastKnownFileType = file.storyboard; name = Base; path = Base.lproj/Main.storyboard; sourceTree = "<group>"; };
		E1DCF8B120C668BE00B9F6AB /* Assets.xcassets */ = {isa = PBXFileReference; lastKnownFileType = folder.assetcatalog; path = Assets.xcassets; sourceTree = "<group>"; };
		E1DCF8B420C668BE00B9F6AB /* Base */ = {isa = PBXFileReference; lastKnownFileType = file.storyboard; name = Base; path = Base.lproj/LaunchScreen.storyboard; sourceTree = "<group>"; };
		E1DCF8B620C668BE00B9F6AB /* Info.plist */ = {isa = PBXFileReference; lastKnownFileType = text.plist.xml; path = Info.plist; sourceTree = "<group>"; };
		E1DCF8BB20C668BE00B9F6AB /* XYHoomXBTests.xctest */ = {isa = PBXFileReference; explicitFileType = wrapper.cfbundle; includeInIndex = 0; path = XYHoomXBTests.xctest; sourceTree = BUILT_PRODUCTS_DIR; };
		E1DCF8BF20C668BE00B9F6AB /* XYHoomXBTests.swift */ = {isa = PBXFileReference; lastKnownFileType = sourcecode.swift; path = XYHoomXBTests.swift; sourceTree = "<group>"; };
		E1DCF8C120C668BE00B9F6AB /* Info.plist */ = {isa = PBXFileReference; lastKnownFileType = text.plist.xml; path = Info.plist; sourceTree = "<group>"; };
		E1DCF8C620C668BE00B9F6AB /* XYHoomXBUITests.xctest */ = {isa = PBXFileReference; explicitFileType = wrapper.cfbundle; includeInIndex = 0; path = XYHoomXBUITests.xctest; sourceTree = BUILT_PRODUCTS_DIR; };
		E1DCF8CA20C668BE00B9F6AB /* XYHoomXBUITests.swift */ = {isa = PBXFileReference; lastKnownFileType = sourcecode.swift; path = XYHoomXBUITests.swift; sourceTree = "<group>"; };
		E1DCF8CC20C668BE00B9F6AB /* Info.plist */ = {isa = PBXFileReference; lastKnownFileType = text.plist.xml; path = Info.plist; sourceTree = "<group>"; };
		E1DCF8E420C66DEF00B9F6AB /* XYTabBarController.swift */ = {isa = PBXFileReference; lastKnownFileType = sourcecode.swift; path = XYTabBarController.swift; sourceTree = "<group>"; };
		E1DCF8E620C66E3200B9F6AB /* XYNavigationController.swift */ = {isa = PBXFileReference; lastKnownFileType = sourcecode.swift; path = XYNavigationController.swift; sourceTree = "<group>"; };
		E1DCF8E820C66FA200B9F6AB /* XYViewController.swift */ = {isa = PBXFileReference; lastKnownFileType = sourcecode.swift; path = XYViewController.swift; sourceTree = "<group>"; };
		E1DCF8ED20C67F1000B9F6AB /* UIView+Extension.swift */ = {isa = PBXFileReference; lastKnownFileType = sourcecode.swift; path = "UIView+Extension.swift"; sourceTree = "<group>"; };
/* End PBXFileReference section */

/* Begin PBXFrameworksBuildPhase section */
		E1DCF8A420C668BC00B9F6AB /* Frameworks */ = {
			isa = PBXFrameworksBuildPhase;
			buildActionMask = 2147483647;
			files = (
				D7CF066F99186C602A736CD4 /* libPods-XYHoomXB.a in Frameworks */,
			);
			runOnlyForDeploymentPostprocessing = 0;
		};
		E1DCF8B820C668BE00B9F6AB /* Frameworks */ = {
			isa = PBXFrameworksBuildPhase;
			buildActionMask = 2147483647;
			files = (
			);
			runOnlyForDeploymentPostprocessing = 0;
		};
		E1DCF8C320C668BE00B9F6AB /* Frameworks */ = {
			isa = PBXFrameworksBuildPhase;
			buildActionMask = 2147483647;
			files = (
			);
			runOnlyForDeploymentPostprocessing = 0;
		};
/* End PBXFrameworksBuildPhase section */

/* Begin PBXGroup section */
		0D2E726017326458C8285F7E /* Frameworks */ = {
			isa = PBXGroup;
			children = (
				B7562DAB730AB632E291467E /* libPods-XYHoomXB.a */,
			);
			name = Frameworks;
			sourceTree = "<group>";
		};
		6B3447F99310311BDF8052E6 /* Pods */ = {
			isa = PBXGroup;
			children = (
				37323257006C1CDD3A6C8460 /* Pods-XYHoomXB.debug.xcconfig */,
				891923511D5F96C251648F0D /* Pods-XYHoomXB.release.xcconfig */,
			);
			name = Pods;
			sourceTree = "<group>";
		};
		E14D239E20C8DE5000F4DEC7 /* Tool */ = {
			isa = PBXGroup;
			children = (
				E14D239F20C8DE8E00F4DEC7 /* ColorRegular.swift */,
				E14D23A320C8F76700F4DEC7 /* FontRegular.swift */,
			);
			path = Tool;
			sourceTree = "<group>";
		};
		E1AE9C8220CA7E2C00811ED0 /* CycleView */ = {
			isa = PBXGroup;
			children = (
				E1AE9C8320CA7E4B00811ED0 /* XYCycleView.swift */,
				E1AE9C8920CA7F3300811ED0 /* XYPageControl.swift */,
				E1AE9C8520CA7E7000811ED0 /* XYCycleCollectionViewCell.swift */,
				E1AE9C8D20CA8B3600811ED0 /* XYCyclePagerTransformLayout.swift */,
				E1AE9C8720CA7EC500811ED0 /* XYCyclePagerViewLayout.swift */,
			);
			path = CycleView;
			sourceTree = "<group>";
		};
		E1C12CDD20C7D149004DBD20 /* ViewModel */ = {
			isa = PBXGroup;
			children = (
			);
			path = ViewModel;
			sourceTree = "<group>";
		};
		E1C12CDE20C7D149004DBD20 /* Model */ = {
			isa = PBXGroup;
			children = (
				E12DD21920C9179F00EDE22F /* XYHomeMoodel.swift */,
				E12DD21B20C918C700EDE22F /* HomeProductModel.swift */,
				E1AE9C8B20CA82C100811ED0 /* XYHomeBannerModel.swift */,
			);
			path = Model;
			sourceTree = "<group>";
		};
		E1C12CDF20C7D149004DBD20 /* Controller */ = {
			isa = PBXGroup;
			children = (
				E1C12CE020C7D149004DBD20 /* HomeViewController.swift */,
			);
			path = Controller;
			sourceTree = "<group>";
		};
		E1C12CE120C7D149004DBD20 /* View */ = {
			isa = PBXGroup;
			children = (
				E12DD21320C90B4B00EDE22F /* XYHomeHeaderView.swift */,
				E12DD21520C90B5D00EDE22F /* XYHomeFooterView.swift */,
				E12DD21720C9158200EDE22F /* XYHomeTableViewCell.swift */,
				E1AE9C8020CA7BA200811ED0 /* XYBannerView.swift */,
				E1AE9C8220CA7E2C00811ED0 /* CycleView */,
			);
			path = View;
			sourceTree = "<group>";
		};
		E1C12CE320C7D152004DBD20 /* ViewModel */ = {
			isa = PBXGroup;
			children = (
			);
			path = ViewModel;
			sourceTree = "<group>";
		};
		E1C12CE420C7D152004DBD20 /* Model */ = {
			isa = PBXGroup;
			children = (
			);
			path = Model;
			sourceTree = "<group>";
		};
		E1C12CE520C7D152004DBD20 /* View */ = {
			isa = PBXGroup;
			children = (
			);
			path = View;
			sourceTree = "<group>";
		};
		E1C12CE620C7D152004DBD20 /* Controller */ = {
			isa = PBXGroup;
			children = (
				E1C12CE720C7D152004DBD20 /* FinancingViewController.swift */,
			);
			path = Controller;
			sourceTree = "<group>";
		};
		E1C12CE920C7D15A004DBD20 /* View */ = {
			isa = PBXGroup;
			children = (
			);
			path = View;
			sourceTree = "<group>";
		};
		E1C12CEA20C7D15A004DBD20 /* Controller */ = {
			isa = PBXGroup;
			children = (
				E1C12CEB20C7D15A004DBD20 /* MyViewController.swift */,
			);
			path = Controller;
			sourceTree = "<group>";
		};
		E1C12CEC20C7D15A004DBD20 /* Model */ = {
			isa = PBXGroup;
			children = (
				E14EBC1C20CA553700825506 /* HXBAccountInfoModel.swift */,
			);
			path = Model;
			sourceTree = "<group>";
		};
		E1C12CED20C7D15A004DBD20 /* ViewModel */ = {
			isa = PBXGroup;
			children = (
			);
			path = ViewModel;
			sourceTree = "<group>";
		};
		E1DCF89E20C668BC00B9F6AB = {
			isa = PBXGroup;
			children = (
				E1DCF8A920C668BC00B9F6AB /* XYHoomXB */,
				E1DCF8BE20C668BE00B9F6AB /* XYHoomXBTests */,
				E1DCF8C920C668BE00B9F6AB /* XYHoomXBUITests */,
				E1DCF8A820C668BC00B9F6AB /* Products */,
				6B3447F99310311BDF8052E6 /* Pods */,
				0D2E726017326458C8285F7E /* Frameworks */,
			);
			sourceTree = "<group>";
		};
		E1DCF8A820C668BC00B9F6AB /* Products */ = {
			isa = PBXGroup;
			children = (
				E1DCF8A720C668BC00B9F6AB /* XYHoomXB.app */,
				E1DCF8BB20C668BE00B9F6AB /* XYHoomXBTests.xctest */,
				E1DCF8C620C668BE00B9F6AB /* XYHoomXBUITests.xctest */,
			);
			name = Products;
			sourceTree = "<group>";
		};
		E1DCF8A920C668BC00B9F6AB /* XYHoomXB */ = {
			isa = PBXGroup;
			children = (
				E1DCF8AA20C668BC00B9F6AB /* AppDelegate.swift */,
				E1DCF8D920C66A9F00B9F6AB /* MainClass */,
				E1DCF8E320C66D8E00B9F6AB /* Base */,
				E1DCF8DA20C66A9F00B9F6AB /* Macros */,
				E1DCF8D820C66A9F00B9F6AB /* Network */,
				E1DCF8DB20C66A9F00B9F6AB /* Tools */,
				E1DCF8AE20C668BC00B9F6AB /* Main.storyboard */,
				E1DCF8B120C668BE00B9F6AB /* Assets.xcassets */,
				E1DCF8B320C668BE00B9F6AB /* LaunchScreen.storyboard */,
				E1DCF8B620C668BE00B9F6AB /* Info.plist */,
			);
			path = XYHoomXB;
			sourceTree = "<group>";
		};
		E1DCF8BE20C668BE00B9F6AB /* XYHoomXBTests */ = {
			isa = PBXGroup;
			children = (
				E1DCF8BF20C668BE00B9F6AB /* XYHoomXBTests.swift */,
				E1DCF8C120C668BE00B9F6AB /* Info.plist */,
			);
			path = XYHoomXBTests;
			sourceTree = "<group>";
		};
		E1DCF8C920C668BE00B9F6AB /* XYHoomXBUITests */ = {
			isa = PBXGroup;
			children = (
				E1DCF8CA20C668BE00B9F6AB /* XYHoomXBUITests.swift */,
				E1DCF8CC20C668BE00B9F6AB /* Info.plist */,
			);
			path = XYHoomXBUITests;
			sourceTree = "<group>";
		};
		E1DCF8D820C66A9F00B9F6AB /* Network */ = {
			isa = PBXGroup;
			children = (
			);
			path = Network;
			sourceTree = "<group>";
		};
		E1DCF8D920C66A9F00B9F6AB /* MainClass */ = {
			isa = PBXGroup;
			children = (
				E1DCF8DD20C66AFB00B9F6AB /* Home */,
				E1DCF8DC20C66AFB00B9F6AB /* Financing */,
				E1DCF8DE20C66AFB00B9F6AB /* My */,
			);
			path = MainClass;
			sourceTree = "<group>";
		};
		E1DCF8DA20C66A9F00B9F6AB /* Macros */ = {
			isa = PBXGroup;
			children = (
				E1C12CEF20C7E127004DBD20 /* XYSpacingMacro.swift */,
			);
			path = Macros;
			sourceTree = "<group>";
		};
		E1DCF8DB20C66A9F00B9F6AB /* Tools */ = {
			isa = PBXGroup;
			children = (
				E14D239E20C8DE5000F4DEC7 /* Tool */,
				E1DCF8EA20C67E1700B9F6AB /* Category */,
			);
			path = Tools;
			sourceTree = "<group>";
		};
		E1DCF8DC20C66AFB00B9F6AB /* Financing */ = {
			isa = PBXGroup;
			children = (
				E1C12CE620C7D152004DBD20 /* Controller */,
				E1C12CE420C7D152004DBD20 /* Model */,
				E1C12CE520C7D152004DBD20 /* View */,
				E1C12CE320C7D152004DBD20 /* ViewModel */,
			);
			path = Financing;
			sourceTree = "<group>";
		};
		E1DCF8DD20C66AFB00B9F6AB /* Home */ = {
			isa = PBXGroup;
			children = (
				E1C12CDF20C7D149004DBD20 /* Controller */,
				E1C12CDE20C7D149004DBD20 /* Model */,
				E1C12CE120C7D149004DBD20 /* View */,
				E1C12CDD20C7D149004DBD20 /* ViewModel */,
			);
			path = Home;
			sourceTree = "<group>";
		};
		E1DCF8DE20C66AFB00B9F6AB /* My */ = {
			isa = PBXGroup;
			children = (
				E1C12CEA20C7D15A004DBD20 /* Controller */,
				E1C12CEC20C7D15A004DBD20 /* Model */,
				E1C12CE920C7D15A004DBD20 /* View */,
				E1C12CED20C7D15A004DBD20 /* ViewModel */,
			);
			path = My;
			sourceTree = "<group>";
		};
		E1DCF8E320C66D8E00B9F6AB /* Base */ = {
			isa = PBXGroup;
			children = (
				E1DCF8E420C66DEF00B9F6AB /* XYTabBarController.swift */,
				E1DCF8E620C66E3200B9F6AB /* XYNavigationController.swift */,
				E1DCF8E820C66FA200B9F6AB /* XYViewController.swift */,
				E14D239C20C8DC8A00F4DEC7 /* XYTableView.swift */,
			);
			path = Base;
			sourceTree = "<group>";
		};
		E1DCF8EA20C67E1700B9F6AB /* Category */ = {
			isa = PBXGroup;
			children = (
				E1DCF8ED20C67F1000B9F6AB /* UIView+Extension.swift */,
				E14D23A120C8DF2900F4DEC7 /* UIColor+Extension.swift */,
				E1C12CD120C7CFB0004DBD20 /* UIImageView+Extension.swift */,
				E1C12CD320C7CFD5004DBD20 /* UIButton+Extension.swift */,
				E1C12CDB20C7D060004DBD20 /* UILabel+Extension.swift */,
				E1C12CD520C7CFE8004DBD20 /* UITextField+Extension.swift */,
				E1C12CD720C7D012004DBD20 /* NSString+Extension.swift */,
				E1C12CD920C7D02D004DBD20 /* NSArray+Extension.swift */,
			);
			path = Category;
			sourceTree = "<group>";
		};
/* End PBXGroup section */

/* Begin PBXNativeTarget section */
		E1DCF8A620C668BC00B9F6AB /* XYHoomXB */ = {
			isa = PBXNativeTarget;
			buildConfigurationList = E1DCF8CF20C668BE00B9F6AB /* Build configuration list for PBXNativeTarget "XYHoomXB" */;
			buildPhases = (
				F2CEE59300584B02A43AF269 /* [CP] Check Pods Manifest.lock */,
				E1DCF8A320C668BC00B9F6AB /* Sources */,
				E1DCF8A420C668BC00B9F6AB /* Frameworks */,
				E1DCF8A520C668BC00B9F6AB /* Resources */,
			);
			buildRules = (
			);
			dependencies = (
			);
			name = XYHoomXB;
			productName = XYHoomXB;
			productReference = E1DCF8A720C668BC00B9F6AB /* XYHoomXB.app */;
			productType = "com.apple.product-type.application";
		};
		E1DCF8BA20C668BE00B9F6AB /* XYHoomXBTests */ = {
			isa = PBXNativeTarget;
			buildConfigurationList = E1DCF8D220C668BE00B9F6AB /* Build configuration list for PBXNativeTarget "XYHoomXBTests" */;
			buildPhases = (
				E1DCF8B720C668BE00B9F6AB /* Sources */,
				E1DCF8B820C668BE00B9F6AB /* Frameworks */,
				E1DCF8B920C668BE00B9F6AB /* Resources */,
			);
			buildRules = (
			);
			dependencies = (
				E1DCF8BD20C668BE00B9F6AB /* PBXTargetDependency */,
			);
			name = XYHoomXBTests;
			productName = XYHoomXBTests;
			productReference = E1DCF8BB20C668BE00B9F6AB /* XYHoomXBTests.xctest */;
			productType = "com.apple.product-type.bundle.unit-test";
		};
		E1DCF8C520C668BE00B9F6AB /* XYHoomXBUITests */ = {
			isa = PBXNativeTarget;
			buildConfigurationList = E1DCF8D520C668BE00B9F6AB /* Build configuration list for PBXNativeTarget "XYHoomXBUITests" */;
			buildPhases = (
				E1DCF8C220C668BE00B9F6AB /* Sources */,
				E1DCF8C320C668BE00B9F6AB /* Frameworks */,
				E1DCF8C420C668BE00B9F6AB /* Resources */,
			);
			buildRules = (
			);
			dependencies = (
				E1DCF8C820C668BE00B9F6AB /* PBXTargetDependency */,
			);
			name = XYHoomXBUITests;
			productName = XYHoomXBUITests;
			productReference = E1DCF8C620C668BE00B9F6AB /* XYHoomXBUITests.xctest */;
			productType = "com.apple.product-type.bundle.ui-testing";
		};
/* End PBXNativeTarget section */

/* Begin PBXProject section */
		E1DCF89F20C668BC00B9F6AB /* Project object */ = {
			isa = PBXProject;
			attributes = {
				LastSwiftUpdateCheck = 1000;
				LastUpgradeCheck = 1000;
				ORGANIZATIONNAME = VansXY;
				TargetAttributes = {
					E1DCF8A620C668BC00B9F6AB = {
						CreatedOnToolsVersion = 10.0;
						LastSwiftMigration = 1000;
					};
					E1DCF8BA20C668BE00B9F6AB = {
						CreatedOnToolsVersion = 10.0;
						TestTargetID = E1DCF8A620C668BC00B9F6AB;
					};
					E1DCF8C520C668BE00B9F6AB = {
						CreatedOnToolsVersion = 10.0;
						TestTargetID = E1DCF8A620C668BC00B9F6AB;
					};
				};
			};
			buildConfigurationList = E1DCF8A220C668BC00B9F6AB /* Build configuration list for PBXProject "XYHoomXB" */;
			compatibilityVersion = "Xcode 9.3";
			developmentRegion = en;
			hasScannedForEncodings = 0;
			knownRegions = (
				en,
				Base,
			);
			mainGroup = E1DCF89E20C668BC00B9F6AB;
			productRefGroup = E1DCF8A820C668BC00B9F6AB /* Products */;
			projectDirPath = "";
			projectRoot = "";
			targets = (
				E1DCF8A620C668BC00B9F6AB /* XYHoomXB */,
				E1DCF8BA20C668BE00B9F6AB /* XYHoomXBTests */,
				E1DCF8C520C668BE00B9F6AB /* XYHoomXBUITests */,
			);
		};
/* End PBXProject section */

/* Begin PBXResourcesBuildPhase section */
		E1DCF8A520C668BC00B9F6AB /* Resources */ = {
			isa = PBXResourcesBuildPhase;
			buildActionMask = 2147483647;
			files = (
				E1DCF8B520C668BE00B9F6AB /* LaunchScreen.storyboard in Resources */,
				E1DCF8B220C668BE00B9F6AB /* Assets.xcassets in Resources */,
				E1DCF8B020C668BC00B9F6AB /* Main.storyboard in Resources */,
			);
			runOnlyForDeploymentPostprocessing = 0;
		};
		E1DCF8B920C668BE00B9F6AB /* Resources */ = {
			isa = PBXResourcesBuildPhase;
			buildActionMask = 2147483647;
			files = (
			);
			runOnlyForDeploymentPostprocessing = 0;
		};
		E1DCF8C420C668BE00B9F6AB /* Resources */ = {
			isa = PBXResourcesBuildPhase;
			buildActionMask = 2147483647;
			files = (
			);
			runOnlyForDeploymentPostprocessing = 0;
		};
/* End PBXResourcesBuildPhase section */

/* Begin PBXShellScriptBuildPhase section */
		F2CEE59300584B02A43AF269 /* [CP] Check Pods Manifest.lock */ = {
			isa = PBXShellScriptBuildPhase;
			buildActionMask = 2147483647;
			files = (
			);
			inputPaths = (
				"${PODS_PODFILE_DIR_PATH}/Podfile.lock",
				"${PODS_ROOT}/Manifest.lock",
			);
			name = "[CP] Check Pods Manifest.lock";
			outputPaths = (
				"$(DERIVED_FILE_DIR)/Pods-XYHoomXB-checkManifestLockResult.txt",
			);
			runOnlyForDeploymentPostprocessing = 0;
			shellPath = /bin/sh;
			shellScript = "diff \"${PODS_PODFILE_DIR_PATH}/Podfile.lock\" \"${PODS_ROOT}/Manifest.lock\" > /dev/null\nif [ $? != 0 ] ; then\n    # print error to STDERR\n    echo \"error: The sandbox is not in sync with the Podfile.lock. Run 'pod install' or update your CocoaPods installation.\" >&2\n    exit 1\nfi\n# This output is used by Xcode 'outputs' to avoid re-running this script phase.\necho \"SUCCESS\" > \"${SCRIPT_OUTPUT_FILE_0}\"\n";
			showEnvVarsInLog = 0;
		};
/* End PBXShellScriptBuildPhase section */

/* Begin PBXSourcesBuildPhase section */
		E1DCF8A320C668BC00B9F6AB /* Sources */ = {
			isa = PBXSourcesBuildPhase;
			buildActionMask = 2147483647;
			files = (
				E14D23A220C8DF2900F4DEC7 /* UIColor+Extension.swift in Sources */,
				E1AE9C8120CA7BA200811ED0 /* XYBannerView.swift in Sources */,
				E1AE9C8620CA7E7000811ED0 /* XYCycleCollectionViewCell.swift in Sources */,
				E1DCF8E720C66E3200B9F6AB /* XYNavigationController.swift in Sources */,
				E1DCF8E520C66DEF00B9F6AB /* XYTabBarController.swift in Sources */,
				E14D239D20C8DC8A00F4DEC7 /* XYTableView.swift in Sources */,
				E1AE9C8420CA7E4B00811ED0 /* XYCycleView.swift in Sources */,
				E1AE9C8A20CA7F3300811ED0 /* XYPageControl.swift in Sources */,
				E14EBC1D20CA553700825506 /* HXBAccountInfoModel.swift in Sources */,
				E12DD21C20C918C700EDE22F /* HomeProductModel.swift in Sources */,
				E1DCF8EE20C67F1000B9F6AB /* UIView+Extension.swift in Sources */,
				E1C12CD820C7D012004DBD20 /* NSString+Extension.swift in Sources */,
				E1C12CD420C7CFD5004DBD20 /* UIButton+Extension.swift in Sources */,
				E12DD21420C90B4B00EDE22F /* XYHomeHeaderView.swift in Sources */,
				E1C12CF020C7E127004DBD20 /* XYSpacingMacro.swift in Sources */,
				E1C12CDA20C7D02D004DBD20 /* NSArray+Extension.swift in Sources */,
				E1C12CD220C7CFB0004DBD20 /* UIImageView+Extension.swift in Sources */,
				E14D23A020C8DE8E00F4DEC7 /* ColorRegular.swift in Sources */,
				E1AE9C8E20CA8B3600811ED0 /* XYCyclePagerTransformLayout.swift in Sources */,
				E1C12CD620C7CFE8004DBD20 /* UITextField+Extension.swift in Sources */,
				E1C12CE820C7D152004DBD20 /* FinancingViewController.swift in Sources */,
				E1AE9C8C20CA82C100811ED0 /* XYHomeBannerModel.swift in Sources */,
				E1C12CDC20C7D060004DBD20 /* UILabel+Extension.swift in Sources */,
				E1AE9C8820CA7EC500811ED0 /* XYCyclePagerViewLayout.swift in Sources */,
				E12DD21620C90B5D00EDE22F /* XYHomeFooterView.swift in Sources */,
				E1C12CEE20C7D15A004DBD20 /* MyViewController.swift in Sources */,
				E12DD21A20C9179F00EDE22F /* XYHomeMoodel.swift in Sources */,
				E1DCF8E920C66FA200B9F6AB /* XYViewController.swift in Sources */,
				E14D23A420C8F76700F4DEC7 /* FontRegular.swift in Sources */,
				E1DCF8AB20C668BC00B9F6AB /* AppDelegate.swift in Sources */,
				E1C12CE220C7D149004DBD20 /* HomeViewController.swift in Sources */,
				E12DD21820C9158200EDE22F /* XYHomeTableViewCell.swift in Sources */,
			);
			runOnlyForDeploymentPostprocessing = 0;
		};
		E1DCF8B720C668BE00B9F6AB /* Sources */ = {
			isa = PBXSourcesBuildPhase;
			buildActionMask = 2147483647;
			files = (
				E1DCF8C020C668BE00B9F6AB /* XYHoomXBTests.swift in Sources */,
			);
			runOnlyForDeploymentPostprocessing = 0;
		};
		E1DCF8C220C668BE00B9F6AB /* Sources */ = {
			isa = PBXSourcesBuildPhase;
			buildActionMask = 2147483647;
			files = (
				E1DCF8CB20C668BE00B9F6AB /* XYHoomXBUITests.swift in Sources */,
			);
			runOnlyForDeploymentPostprocessing = 0;
		};
/* End PBXSourcesBuildPhase section */

/* Begin PBXTargetDependency section */
		E1DCF8BD20C668BE00B9F6AB /* PBXTargetDependency */ = {
			isa = PBXTargetDependency;
			target = E1DCF8A620C668BC00B9F6AB /* XYHoomXB */;
			targetProxy = E1DCF8BC20C668BE00B9F6AB /* PBXContainerItemProxy */;
		};
		E1DCF8C820C668BE00B9F6AB /* PBXTargetDependency */ = {
			isa = PBXTargetDependency;
			target = E1DCF8A620C668BC00B9F6AB /* XYHoomXB */;
			targetProxy = E1DCF8C720C668BE00B9F6AB /* PBXContainerItemProxy */;
		};
/* End PBXTargetDependency section */

/* Begin PBXVariantGroup section */
		E1DCF8AE20C668BC00B9F6AB /* Main.storyboard */ = {
			isa = PBXVariantGroup;
			children = (
				E1DCF8AF20C668BC00B9F6AB /* Base */,
			);
			name = Main.storyboard;
			sourceTree = "<group>";
		};
		E1DCF8B320C668BE00B9F6AB /* LaunchScreen.storyboard */ = {
			isa = PBXVariantGroup;
			children = (
				E1DCF8B420C668BE00B9F6AB /* Base */,
			);
			name = LaunchScreen.storyboard;
			sourceTree = "<group>";
		};
/* End PBXVariantGroup section */

/* Begin XCBuildConfiguration section */
		E1DCF8CD20C668BE00B9F6AB /* Debug */ = {
			isa = XCBuildConfiguration;
			buildSettings = {
				ALWAYS_SEARCH_USER_PATHS = NO;
				CLANG_ANALYZER_NONNULL = YES;
				CLANG_ANALYZER_NUMBER_OBJECT_CONVERSION = YES_AGGRESSIVE;
				CLANG_CXX_LANGUAGE_STANDARD = "gnu++14";
				CLANG_CXX_LIBRARY = "libc++";
				CLANG_ENABLE_MODULES = YES;
				CLANG_ENABLE_OBJC_ARC = YES;
				CLANG_ENABLE_OBJC_WEAK = YES;
				CLANG_WARN_BLOCK_CAPTURE_AUTORELEASING = YES;
				CLANG_WARN_BOOL_CONVERSION = YES;
				CLANG_WARN_COMMA = YES;
				CLANG_WARN_CONSTANT_CONVERSION = YES;
				CLANG_WARN_DEPRECATED_OBJC_IMPLEMENTATIONS = YES;
				CLANG_WARN_DIRECT_OBJC_ISA_USAGE = YES_ERROR;
				CLANG_WARN_DOCUMENTATION_COMMENTS = YES;
				CLANG_WARN_EMPTY_BODY = YES;
				CLANG_WARN_ENUM_CONVERSION = YES;
				CLANG_WARN_INFINITE_RECURSION = YES;
				CLANG_WARN_INT_CONVERSION = YES;
				CLANG_WARN_NON_LITERAL_NULL_CONVERSION = YES;
				CLANG_WARN_OBJC_IMPLICIT_RETAIN_SELF = YES;
				CLANG_WARN_OBJC_LITERAL_CONVERSION = YES;
				CLANG_WARN_OBJC_ROOT_CLASS = YES_ERROR;
				CLANG_WARN_RANGE_LOOP_ANALYSIS = YES;
				CLANG_WARN_STRICT_PROTOTYPES = YES;
				CLANG_WARN_SUSPICIOUS_MOVE = YES;
				CLANG_WARN_UNGUARDED_AVAILABILITY = YES_AGGRESSIVE;
				CLANG_WARN_UNREACHABLE_CODE = YES;
				CLANG_WARN__DUPLICATE_METHOD_MATCH = YES;
				CODE_SIGN_IDENTITY = "iPhone Developer";
				COPY_PHASE_STRIP = NO;
				DEBUG_INFORMATION_FORMAT = dwarf;
				ENABLE_STRICT_OBJC_MSGSEND = YES;
				ENABLE_TESTABILITY = YES;
				GCC_C_LANGUAGE_STANDARD = gnu11;
				GCC_DYNAMIC_NO_PIC = NO;
				GCC_NO_COMMON_BLOCKS = YES;
				GCC_OPTIMIZATION_LEVEL = 0;
				GCC_PREPROCESSOR_DEFINITIONS = (
					"DEBUG=1",
					"$(inherited)",
				);
				GCC_WARN_64_TO_32_BIT_CONVERSION = YES;
				GCC_WARN_ABOUT_RETURN_TYPE = YES_ERROR;
				GCC_WARN_UNDECLARED_SELECTOR = YES;
				GCC_WARN_UNINITIALIZED_AUTOS = YES_AGGRESSIVE;
				GCC_WARN_UNUSED_FUNCTION = YES;
				GCC_WARN_UNUSED_VARIABLE = YES;
				IPHONEOS_DEPLOYMENT_TARGET = 12.0;
				MTL_ENABLE_DEBUG_INFO = INCLUDE_SOURCE;
				ONLY_ACTIVE_ARCH = YES;
				SDKROOT = iphoneos;
				SWIFT_ACTIVE_COMPILATION_CONDITIONS = DEBUG;
				SWIFT_OPTIMIZATION_LEVEL = "-Onone";
			};
			name = Debug;
		};
		E1DCF8CE20C668BE00B9F6AB /* Release */ = {
			isa = XCBuildConfiguration;
			buildSettings = {
				ALWAYS_SEARCH_USER_PATHS = NO;
				CLANG_ANALYZER_NONNULL = YES;
				CLANG_ANALYZER_NUMBER_OBJECT_CONVERSION = YES_AGGRESSIVE;
				CLANG_CXX_LANGUAGE_STANDARD = "gnu++14";
				CLANG_CXX_LIBRARY = "libc++";
				CLANG_ENABLE_MODULES = YES;
				CLANG_ENABLE_OBJC_ARC = YES;
				CLANG_ENABLE_OBJC_WEAK = YES;
				CLANG_WARN_BLOCK_CAPTURE_AUTORELEASING = YES;
				CLANG_WARN_BOOL_CONVERSION = YES;
				CLANG_WARN_COMMA = YES;
				CLANG_WARN_CONSTANT_CONVERSION = YES;
				CLANG_WARN_DEPRECATED_OBJC_IMPLEMENTATIONS = YES;
				CLANG_WARN_DIRECT_OBJC_ISA_USAGE = YES_ERROR;
				CLANG_WARN_DOCUMENTATION_COMMENTS = YES;
				CLANG_WARN_EMPTY_BODY = YES;
				CLANG_WARN_ENUM_CONVERSION = YES;
				CLANG_WARN_INFINITE_RECURSION = YES;
				CLANG_WARN_INT_CONVERSION = YES;
				CLANG_WARN_NON_LITERAL_NULL_CONVERSION = YES;
				CLANG_WARN_OBJC_IMPLICIT_RETAIN_SELF = YES;
				CLANG_WARN_OBJC_LITERAL_CONVERSION = YES;
				CLANG_WARN_OBJC_ROOT_CLASS = YES_ERROR;
				CLANG_WARN_RANGE_LOOP_ANALYSIS = YES;
				CLANG_WARN_STRICT_PROTOTYPES = YES;
				CLANG_WARN_SUSPICIOUS_MOVE = YES;
				CLANG_WARN_UNGUARDED_AVAILABILITY = YES_AGGRESSIVE;
				CLANG_WARN_UNREACHABLE_CODE = YES;
				CLANG_WARN__DUPLICATE_METHOD_MATCH = YES;
				CODE_SIGN_IDENTITY = "iPhone Developer";
				COPY_PHASE_STRIP = NO;
				DEBUG_INFORMATION_FORMAT = "dwarf-with-dsym";
				ENABLE_NS_ASSERTIONS = NO;
				ENABLE_STRICT_OBJC_MSGSEND = YES;
				GCC_C_LANGUAGE_STANDARD = gnu11;
				GCC_NO_COMMON_BLOCKS = YES;
				GCC_WARN_64_TO_32_BIT_CONVERSION = YES;
				GCC_WARN_ABOUT_RETURN_TYPE = YES_ERROR;
				GCC_WARN_UNDECLARED_SELECTOR = YES;
				GCC_WARN_UNINITIALIZED_AUTOS = YES_AGGRESSIVE;
				GCC_WARN_UNUSED_FUNCTION = YES;
				GCC_WARN_UNUSED_VARIABLE = YES;
				IPHONEOS_DEPLOYMENT_TARGET = 12.0;
				MTL_ENABLE_DEBUG_INFO = NO;
				SDKROOT = iphoneos;
				SWIFT_COMPILATION_MODE = wholemodule;
				SWIFT_OPTIMIZATION_LEVEL = "-O";
				VALIDATE_PRODUCT = YES;
			};
			name = Release;
		};
		E1DCF8D020C668BE00B9F6AB /* Debug */ = {
			isa = XCBuildConfiguration;
			baseConfigurationReference = 37323257006C1CDD3A6C8460 /* Pods-XYHoomXB.debug.xcconfig */;
			buildSettings = {
				ASSETCATALOG_COMPILER_APPICON_NAME = AppIcon;
				CODE_SIGN_STYLE = Automatic;
				INFOPLIST_FILE = XYHoomXB/Info.plist;
				LD_RUNPATH_SEARCH_PATHS = (
					"$(inherited)",
					"@executable_path/Frameworks",
				);
				PRODUCT_BUNDLE_IDENTIFIER = VansXY.XYHoomXB;
				PRODUCT_NAME = "$(TARGET_NAME)";
				SWIFT_VERSION = 4.2;
				TARGETED_DEVICE_FAMILY = "1,2";
			};
			name = Debug;
		};
		E1DCF8D120C668BE00B9F6AB /* Release */ = {
			isa = XCBuildConfiguration;
			baseConfigurationReference = 891923511D5F96C251648F0D /* Pods-XYHoomXB.release.xcconfig */;
			buildSettings = {
				ASSETCATALOG_COMPILER_APPICON_NAME = AppIcon;
				CODE_SIGN_STYLE = Automatic;
				INFOPLIST_FILE = XYHoomXB/Info.plist;
				LD_RUNPATH_SEARCH_PATHS = (
					"$(inherited)",
					"@executable_path/Frameworks",
				);
				PRODUCT_BUNDLE_IDENTIFIER = VansXY.XYHoomXB;
				PRODUCT_NAME = "$(TARGET_NAME)";
				SWIFT_VERSION = 4.2;
				TARGETED_DEVICE_FAMILY = "1,2";
			};
			name = Release;
		};
		E1DCF8D320C668BE00B9F6AB /* Debug */ = {
			isa = XCBuildConfiguration;
			buildSettings = {
				ALWAYS_EMBED_SWIFT_STANDARD_LIBRARIES = YES;
				BUNDLE_LOADER = "$(TEST_HOST)";
				CODE_SIGN_STYLE = Automatic;
				INFOPLIST_FILE = XYHoomXBTests/Info.plist;
				LD_RUNPATH_SEARCH_PATHS = (
					"$(inherited)",
					"@executable_path/Frameworks",
					"@loader_path/Frameworks",
				);
				PRODUCT_BUNDLE_IDENTIFIER = VansXY.XYHoomXBTests;
				PRODUCT_NAME = "$(TARGET_NAME)";
				SWIFT_VERSION = 4.2;
				TARGETED_DEVICE_FAMILY = "1,2";
				TEST_HOST = "$(BUILT_PRODUCTS_DIR)/XYHoomXB.app/XYHoomXB";
			};
			name = Debug;
		};
		E1DCF8D420C668BE00B9F6AB /* Release */ = {
			isa = XCBuildConfiguration;
			buildSettings = {
				ALWAYS_EMBED_SWIFT_STANDARD_LIBRARIES = YES;
				BUNDLE_LOADER = "$(TEST_HOST)";
				CODE_SIGN_STYLE = Automatic;
				INFOPLIST_FILE = XYHoomXBTests/Info.plist;
				LD_RUNPATH_SEARCH_PATHS = (
					"$(inherited)",
					"@executable_path/Frameworks",
					"@loader_path/Frameworks",
				);
				PRODUCT_BUNDLE_IDENTIFIER = VansXY.XYHoomXBTests;
				PRODUCT_NAME = "$(TARGET_NAME)";
				SWIFT_VERSION = 4.2;
				TARGETED_DEVICE_FAMILY = "1,2";
				TEST_HOST = "$(BUILT_PRODUCTS_DIR)/XYHoomXB.app/XYHoomXB";
			};
			name = Release;
		};
		E1DCF8D620C668BE00B9F6AB /* Debug */ = {
			isa = XCBuildConfiguration;
			buildSettings = {
				ALWAYS_EMBED_SWIFT_STANDARD_LIBRARIES = YES;
				CODE_SIGN_STYLE = Automatic;
				INFOPLIST_FILE = XYHoomXBUITests/Info.plist;
				LD_RUNPATH_SEARCH_PATHS = (
					"$(inherited)",
					"@executable_path/Frameworks",
					"@loader_path/Frameworks",
				);
				PRODUCT_BUNDLE_IDENTIFIER = VansXY.XYHoomXBUITests;
				PRODUCT_NAME = "$(TARGET_NAME)";
				SWIFT_VERSION = 4.2;
				TARGETED_DEVICE_FAMILY = "1,2";
				TEST_TARGET_NAME = XYHoomXB;
			};
			name = Debug;
		};
		E1DCF8D720C668BE00B9F6AB /* Release */ = {
			isa = XCBuildConfiguration;
			buildSettings = {
				ALWAYS_EMBED_SWIFT_STANDARD_LIBRARIES = YES;
				CODE_SIGN_STYLE = Automatic;
				INFOPLIST_FILE = XYHoomXBUITests/Info.plist;
				LD_RUNPATH_SEARCH_PATHS = (
					"$(inherited)",
					"@executable_path/Frameworks",
					"@loader_path/Frameworks",
				);
				PRODUCT_BUNDLE_IDENTIFIER = VansXY.XYHoomXBUITests;
				PRODUCT_NAME = "$(TARGET_NAME)";
				SWIFT_VERSION = 4.2;
				TARGETED_DEVICE_FAMILY = "1,2";
				TEST_TARGET_NAME = XYHoomXB;
			};
			name = Release;
		};
/* End XCBuildConfiguration section */

/* Begin XCConfigurationList section */
		E1DCF8A220C668BC00B9F6AB /* Build configuration list for PBXProject "XYHoomXB" */ = {
			isa = XCConfigurationList;
			buildConfigurations = (
				E1DCF8CD20C668BE00B9F6AB /* Debug */,
				E1DCF8CE20C668BE00B9F6AB /* Release */,
			);
			defaultConfigurationIsVisible = 0;
			defaultConfigurationName = Release;
		};
		E1DCF8CF20C668BE00B9F6AB /* Build configuration list for PBXNativeTarget "XYHoomXB" */ = {
			isa = XCConfigurationList;
			buildConfigurations = (
				E1DCF8D020C668BE00B9F6AB /* Debug */,
				E1DCF8D120C668BE00B9F6AB /* Release */,
			);
			defaultConfigurationIsVisible = 0;
			defaultConfigurationName = Release;
		};
		E1DCF8D220C668BE00B9F6AB /* Build configuration list for PBXNativeTarget "XYHoomXBTests" */ = {
			isa = XCConfigurationList;
			buildConfigurations = (
				E1DCF8D320C668BE00B9F6AB /* Debug */,
				E1DCF8D420C668BE00B9F6AB /* Release */,
			);
			defaultConfigurationIsVisible = 0;
			defaultConfigurationName = Release;
		};
		E1DCF8D520C668BE00B9F6AB /* Build configuration list for PBXNativeTarget "XYHoomXBUITests" */ = {
			isa = XCConfigurationList;
			buildConfigurations = (
				E1DCF8D620C668BE00B9F6AB /* Debug */,
				E1DCF8D720C668BE00B9F6AB /* Release */,
			);
			defaultConfigurationIsVisible = 0;
			defaultConfigurationName = Release;
		};
/* End XCConfigurationList section */
	};
	rootObject = E1DCF89F20C668BC00B9F6AB /* Project object */;
}
